// !$*UTF8*$!
{
	archiveVersion = 1;
	classes = {
	};
	objectVersion = 77;
	objects = {

/* Begin PBXBuildFile section */
		A97B36CC2FCF1DB70066D4B2 /* Assets.xcassets in Resources */ = {isa = PBXBuildFile; fileRef = A97B36C72FCF1DB70066D4B2 /* Assets.xcassets */; };
		A97B36CD2FCF1DB70066D4B2 /* ContentView.swift in Sources */ = {isa = PBXBuildFile; fileRef = A97B36C82FCF1DB70066D4B2 /* ContentView.swift */; };
		A97B36CE2FCF1DB70066D4B2 /* User.swift in Sources */ = {isa = PBXBuildFile; fileRef = A97B36C92FCF1DB70066D4B2 /* User.swift */; };
		A97B36CF2FCF1DB70066D4B2 /* MatchMateApp.swift in Sources */ = {isa = PBXBuildFile; fileRef = A97B36CA2FCF1DB70066D4B2 /* MatchMateApp.swift */; };
		A97B36D52FCF1F6F0066D4B2 /* SDWebImageSwiftUI in Frameworks */ = {isa = PBXBuildFile; productRef = A97B36D42FCF1F6F0066D4B2 /* SDWebImageSwiftUI */; };
		A97B36D72FCF1FC60066D4B2 /* MatchMateCardView.swift in Sources */ = {isa = PBXBuildFile; fileRef = A97B36D62FCF1FC60066D4B2 /* MatchMateCardView.swift */; };
		A97B36D92FCF220B0066D4B2 /* MatchMateViewModel.swift in Sources */ = {isa = PBXBuildFile; fileRef = A97B36D82FCF220B0066D4B2 /* MatchMateViewModel.swift */; };
		A97B36DA2FCF220B0066D4B2 /* UserResponse.swift in Sources */ = {isa = PBXBuildFile; fileRef = A97B36DB2FCF220B0066D4B2 /* UserResponse.swift */; };
		A97B36DC2FCF220B0066D4B2 /* ToastView.swift in Sources */ = {isa = PBXBuildFile; fileRef = A97B36DD2FCF220B0066D4B2 /* ToastView.swift */; };
/* End PBXBuildFile section */

/* Begin PBXFileReference section */
		A97B369A2FCF1BEB0066D4B2 /* MatchMate.app */ = {isa = PBXFileReference; explicitFileType = wrapper.application; includeInIndex = 0; path = MatchMate.app; sourceTree = BUILT_PRODUCTS_DIR; };
		A97B36C72FCF1DB70066D4B2 /* Assets.xcassets */ = {isa = PBXFileReference; lastKnownFileType = folder.assetcatalog; path = Assets.xcassets; sourceTree = "<group>"; };
		A97B36C82FCF1DB70066D4B2 /* ContentView.swift */ = {isa = PBXFileReference; lastKnownFileType = sourcecode.swift; path = ContentView.swift; sourceTree = "<group>"; };
		A97B36C92FCF1DB70066D4B2 /* User.swift */ = {isa = PBXFileReference; lastKnownFileType = sourcecode.swift; path = User.swift; sourceTree = "<group>"; };
		A97B36DB2FCF220B0066D4B2 /* UserResponse.swift */ = {isa = PBXFileReference; lastKnownFileType = sourcecode.swift; path = UserResponse.swift; sourceTree = "<group>"; };
		A97B36DD2FCF220B0066D4B2 /* ToastView.swift */ = {isa = PBXFileReference; lastKnownFileType = sourcecode.swift; path = ToastView.swift; sourceTree = "<group>"; };
		A97B36CA2FCF1DB70066D4B2 /* MatchMateApp.swift */ = {isa = PBXFileReference; lastKnownFileType = sourcecode.swift; path = MatchMateApp.swift; sourceTree = "<group>"; };
		A97B36D62FCF1FC60066D4B2 /* MatchMateCardView.swift */ = {isa = PBXFileReference; lastKnownFileType = sourcecode.swift; path = MatchMateCardView.swift; sourceTree = "<group>"; };
		A97B36D82FCF220B0066D4B2 /* MatchMateViewModel.swift */ = {isa = PBXFileReference; lastKnownFileType = sourcecode.swift; path = MatchMateViewModel.swift; sourceTree = "<group>"; };
/* End PBXFileReference section */

/* Begin PBXFrameworksBuildPhase section */
		A97B36972FCF1BEB0066D4B2 /* Frameworks */ = {
			isa = PBXFrameworksBuildPhase;
			buildActionMask = 2147483647;
			files = (
				A97B36D52FCF1F6F0066D4B2 /* SDWebImageSwiftUI in Frameworks */,
			);
			runOnlyForDeploymentPostprocessing = 0;
		};
/* End PBXFrameworksBuildPhase section */

/* Begin PBXGroup section */
		A97B36912FCF1BEB0066D4B2 = {
			isa = PBXGroup;
			children = (
				A97B36CB2FCF1DB70066D4B2 /* MatchMate */,
				A97B369B2FCF1BEB0066D4B2 /* Products */,
			);
			sourceTree = "<group>";
		};
		A97B369B2FCF1BEB0066D4B2 /* Products */ = {
			isa = PBXGroup;
			children = (
				A97B369A2FCF1BEB0066D4B2 /* MatchMate.app */,
			);
			name = Products;
			sourceTree = "<group>";
		};
		A97B36CB2FCF1DB70066D4B2 /* MatchMate */ = {
			isa = PBXGroup;
			children = (
				A97B36C72FCF1DB70066D4B2 /* Assets.xcassets */,
				A97B36D02FCF1DBD0066D4B2 /* Views */,
				A97B36D12FCF1DC40066D4B2 /* Model */,
				A97B36D22FCF1DDB0066D4B2 /* App */,
			);
			path = MatchMate;
			sourceTree = "<group>";
		};
		A97B36D02FCF1DBD0066D4B2 /* Views */ = {
			isa = PBXGroup;
			children = (
				A97B36C82FCF1DB70066D4B2 /* ContentView.swift */,
				A97B36D62FCF1FC60066D4B2 /* MatchMateCardView.swift */,
				A97B36DD2FCF220B0066D4B2 /* ToastView.swift */,
			);
			path = Views;
			sourceTree = "<group>";
		};
		A97B36D12FCF1DC40066D4B2 /* Model */ = {
			isa = PBXGroup;
			children = (
				A97B36C92FCF1DB70066D4B2 /* User.swift */,
				A97B36DB2FCF220B0066D4B2 /* UserResponse.swift */,
				A97B36D82FCF220B0066D4B2 /* MatchMateViewModel.swift */,
			);
			path = Model;
			sourceTree = "<group>";
		};
		A97B36D22FCF1DDB0066D4B2 /* App */ = {
			isa = PBXGroup;
			children = (
				A97B36CA2FCF1DB70066D4B2 /* MatchMateApp.swift */,
			);
			path = App;
			sourceTree = "<group>";
		};
/* End PBXGroup section */

/* Begin PBXNativeTarget section */
		A97B36992FCF1BEB0066D4B2 /* MatchMate */ = {
			isa = PBXNativeTarget;
			buildConfigurationList = A97B36A72FCF1BED0066D4B2 /* Build configuration list for PBXNativeTarget "MatchMate" */;
			buildPhases = (
				A97B36962FCF1BEB0066D4B2 /* Sources */,
				A97B36972FCF1BEB0066D4B2 /* Frameworks */,
				A97B36982FCF1BEB0066D4B2 /* Resources */,
			);
			buildRules = (
			);
			dependencies = (
			);
			name = MatchMate;
			productName = MatchMate;
			productReference = A97B369A2FCF1BEB0066D4B2 /* MatchMate.app */;
			productType = "com.apple.product-type.application";
		};
/* End PBXNativeTarget section */

/* Begin PBXProject section */
		A97B36922FCF1BEB0066D4B2 /* Project object */ = {
			isa = PBXProject;
			attributes = {
				BuildIndependentTargetsInParallel = 1;
				LastSwiftUpdateCheck = 2630;
				LastUpgradeCheck = 2630;
				TargetAttributes = {
					A97B36992FCF1BEB0066D4B2 = {
						CreatedOnToolsVersion = 26.3;
					};
				};
			};
			buildConfigurationList = A97B36952FCF1BEB0066D4B2 /* Build configuration list for PBXProject "MatchMate" */;
			developmentRegion = en;
			hasScannedForEncodings = 0;
			knownRegions = (
				en,
				Base,
			);
			mainGroup = A97B36912FCF1BEB0066D4B2;
			minimizedProjectReferenceProxies = 1;
			packageReferences = (
				A97B36D32FCF1F6F0066D4B2 /* XCRemoteSwiftPackageReference "SDWebImageSwiftUI" */,
			);
			preferredProjectObjectVersion = 77;
			productRefGroup = A97B369B2FCF1BEB0066D4B2 /* Products */;
			projectDirPath = "";
			projectRoot = "";
			targets = (
				A97B36992FCF1BEB0066D4B2 /* MatchMate */,
			);
		};
/* End PBXProject section */

/* Begin PBXResourcesBuildPhase section */
		A97B36982FCF1BEB0066D4B2 /* Resources */ = {
			isa = PBXResourcesBuildPhase;
			buildActionMask = 2147483647;
			files = (
				A97B36CC2FCF1DB70066D4B2 /* Assets.xcassets in Resources */,
			);
			runOnlyForDeploymentPostprocessing = 0;
		};
/* End PBXResourcesBuildPhase section */

/* Begin PBXSourcesBuildPhase section */
		A97B36962FCF1BEB0066D4B2 /* Sources */ = {
			isa = PBXSourcesBuildPhase;
			buildActionMask = 2147483647;
			files = (
				A97B36D92FCF220B0066D4B2 /* MatchMateViewModel.swift in Sources */,
				A97B36DA2FCF220B0066D4B2 /* UserResponse.swift in Sources */,
				A97B36DC2FCF220B0066D4B2 /* ToastView.swift in Sources */,
				A97B36CD2FCF1DB70066D4B2 /* ContentView.swift in Sources */,
				A97B36CE2FCF1DB70066D4B2 /* User.swift in Sources */,
				A97B36CF2FCF1DB70066D4B2 /* MatchMateApp.swift in Sources */,
				A97B36D72FCF1FC60066D4B2 /* MatchMateCardView.swift in Sources */,
			);
			runOnlyForDeploymentPostprocessing = 0;
		};
/* End PBXSourcesBuildPhase section */

/* Begin XCBuildConfiguration section */
		A97B36A52FCF1BED0066D4B2 /* Debug */ = {
			isa = XCBuildConfiguration;
			buildSettings = {
				ALWAYS_SEARCH_USER_PATHS = NO;
				ASSETCATALOG_COMPILER_GENERATE_SWIFT_ASSET_SYMBOL_EXTENSIONS = YES;
				CLANG_ANALYZER_NONNULL = YES;
				CLANG_ANALYZER_NUMBER_OBJECT_CONVERSION = YES_AGGRESSIVE;
				CLANG_CXX_LANGUAGE_STANDARD = "gnu++20";
				CLANG_ENABLE_MODULES = YES;
				CLANG_ENABLE_OBJC_ARC = YES;
				CLANG_ENABLE_OBJC_WEAK = YES;
				CLANG_WARN_BLOCK_CAPTURE_AUTORELEASING = YES;
				CLANG_WARN_BOOL_CONVERSION = YES;
				CLANG_WARN_COMMA = YES;
				CLANG_WARN_CONSTANT_CONVERSION = YES;
				CLANG_WARN_DEPRECATED_OBJC_IMPLEMENTATIONS = YES;
				CLANG_WARN_DIRECT_OBJC_ISA_USAGE = YES_ERROR;
				CLANG_WARN_DOCUMENTATION_COMMENTS = YES;
				CLANG_WARN_EMPTY_BODY = YES;
				CLANG_WARN_ENUM_CONVERSION = YES;
				CLANG_WARN_INFINITE_RECURSION = YES;
				CLANG_WARN_INT_CONVERSION = YES;
				CLANG_WARN_NON_LITERAL_NULL_CONVERSION = YES;
				CLANG_WARN_OBJC_IMPLICIT_RETAIN_SELF = YES;
				CLANG_WARN_OBJC_LITERAL_CONVERSION = YES;
				CLANG_WARN_OBJC_ROOT_CLASS = YES_ERROR;
				CLANG_WARN_QUOTED_INCLUDE_IN_FRAMEWORK_HEADER = YES;
				CLANG_WARN_RANGE_LOOP_ANALYSIS = YES;
				CLANG_WARN_STRICT_PROTOTYPES = YES;
				CLANG_WARN_SUSPICIOUS_MOVE = YES;
				CLANG_WARN_UNGUARDED_AVAILABILITY = YES_AGGRESSIVE;
				CLANG_WARN_UNREACHABLE_CODE = YES;
				CLANG_WARN__DUPLICATE_METHOD_MATCH = YES;
				COPY_PHASE_STRIP = NO;
				DEBUG_INFORMATION_FORMAT = dwarf;
				DEVELOPMENT_TEAM = 43FNC3F4A2;
				ENABLE_STRICT_OBJC_MSGSEND = YES;
				ENABLE_TESTABILITY = YES;
				ENABLE_USER_SCRIPT_SANDBOXING = YES;
				GCC_C_LANGUAGE_STANDARD = gnu17;
				GCC_DYNAMIC_NO_PIC = NO;
				GCC_NO_COMMON_BLOCKS = YES;
				GCC_OPTIMIZATION_LEVEL = 0;
				GCC_PREPROCESSOR_DEFINITIONS = (
					"DEBUG=1",
					"$(inherited)",
				);
				GCC_WARN_64_TO_32_BIT_CONVERSION = YES;
				GCC_WARN_ABOUT_RETURN_TYPE = YES_ERROR;
				GCC_WARN_UNDECLARED_SELECTOR = YES;
				GCC_WARN_UNINITIALIZED_AUTOS = YES_AGGRESSIVE;
				GCC_WARN_UNUSED_FUNCTION = YES;
				GCC_WARN_UNUSED_VARIABLE = YES;
				LOCALIZATION_PREFERS_STRING_CATALOGS = YES;
				MTL_ENABLE_DEBUG_INFO = INCLUDE_SOURCE;
				MTL_FAST_MATH = YES;
				ONLY_ACTIVE_ARCH = YES;
				SWIFT_ACTIVE_COMPILATION_CONDITIONS = "DEBUG $(inherited)";
				SWIFT_OPTIMIZATION_LEVEL = "-Onone";
			};
			name = Debug;
		};
		A97B36A62FCF1BED0066D4B2 /* Release */ = {
			isa = XCBuildConfiguration;
			buildSettings = {
				ALWAYS_SEARCH_USER_PATHS = NO;
				ASSETCATALOG_COMPILER_GENERATE_SWIFT_ASSET_SYMBOL_EXTENSIONS = YES;
				CLANG_ANALYZER_NONNULL = YES;
				CLANG_ANALYZER_NUMBER_OBJECT_CONVERSION = YES_AGGRESSIVE;
				CLANG_CXX_LANGUAGE_STANDARD = "gnu++20";
				CLANG_ENABLE_MODULES = YES;
				CLANG_ENABLE_OBJC_ARC = YES;
				CLANG_ENABLE_OBJC_WEAK = YES;
				CLANG_WARN_BLOCK_CAPTURE_AUTORELEASING = YES;
				CLANG_WARN_BOOL_CONVERSION = YES;
				CLANG_WARN_COMMA = YES;
				CLANG_WARN_CONSTANT_CONVERSION = YES;
				CLANG_WARN_DEPRECATED_OBJC_IMPLEMENTATIONS = YES;
				CLANG_WARN_DIRECT_OBJC_ISA_USAGE = YES_ERROR;
				CLANG_WARN_DOCUMENTATION_COMMENTS = YES;
				CLANG_WARN_EMPTY_BODY = YES;
				CLANG_WARN_ENUM_CONVERSION = YES;
				CLANG_WARN_INFINITE_RECURSION = YES;
				CLANG_WARN_INT_CONVERSION = YES;
				CLANG_WARN_NON_LITERAL_NULL_CONVERSION = YES;
				CLANG_WARN_OBJC_IMPLICIT_RETAIN_SELF = YES;
				CLANG_WARN_OBJC_LITERAL_CONVERSION = YES;
				CLANG_WARN_OBJC_ROOT_CLASS = YES_ERROR;
				CLANG_WARN_QUOTED_INCLUDE_IN_FRAMEWORK_HEADER = YES;
				CLANG_WARN_RANGE_LOOP_ANALYSIS = YES;
				CLANG_WARN_STRICT_PROTOTYPES = YES;
				CLANG_WARN_SUSPICIOUS_MOVE = YES;
				CLANG_WARN_UNGUARDED_AVAILABILITY = YES_AGGRESSIVE;
				CLANG_WARN_UNREACHABLE_CODE = YES;
				CLANG_WARN__DUPLICATE_METHOD_MATCH = YES;
				COPY_PHASE_STRIP = NO;
				DEBUG_INFORMATION_FORMAT = "dwarf-with-dsym";
				DEVELOPMENT_TEAM = 43FNC3F4A2;
				ENABLE_NS_ASSERTIONS = NO;
				ENABLE_STRICT_OBJC_MSGSEND = YES;
				ENABLE_USER_SCRIPT_SANDBOXING = YES;
				GCC_C_LANGUAGE_STANDARD = gnu17;
				GCC_NO_COMMON_BLOCKS = YES;
				GCC_WARN_64_TO_32_BIT_CONVERSION = YES;
				GCC_WARN_ABOUT_RETURN_TYPE = YES_ERROR;
				GCC_WARN_UNDECLARED_SELECTOR = YES;
				GCC_WARN_UNINITIALIZED_AUTOS = YES_AGGRESSIVE;
				GCC_WARN_UNUSED_FUNCTION = YES;
				GCC_WARN_UNUSED_VARIABLE = YES;
				LOCALIZATION_PREFERS_STRING_CATALOGS = YES;
				MTL_ENABLE_DEBUG_INFO = NO;
				MTL_FAST_MATH = YES;
				SWIFT_COMPILATION_MODE = wholemodule;
			};
			name = Release;
		};
		A97B36A82FCF1BED0066D4B2 /* Debug */ = {
			isa = XCBuildConfiguration;
			buildSettings = {
				ASSETCATALOG_COMPILER_APPICON_NAME = AppIcon;
				ASSETCATALOG_COMPILER_GLOBAL_ACCENT_COLOR_NAME = AccentColor;
				CODE_SIGN_STYLE = Automatic;
				CURRENT_PROJECT_VERSION = 1;
				DEVELOPMENT_TEAM = 43FNC3F4A2;
				ENABLE_APP_SANDBOX = YES;
				ENABLE_HARDENED_RUNTIME = YES;
				ENABLE_PREVIEWS = YES;
				ENABLE_USER_SELECTED_FILES = readonly;
				GENERATE_INFOPLIST_FILE = YES;
				"INFOPLIST_KEY_UIApplicationSceneManifest_Generation[sdk=iphoneos*]" = YES;
				"INFOPLIST_KEY_UIApplicationSceneManifest_Generation[sdk=iphonesimulator*]" = YES;
				"INFOPLIST_KEY_UIApplicationSupportsIndirectInputEvents[sdk=iphoneos*]" = YES;
				"INFOPLIST_KEY_UIApplicationSupportsIndirectInputEvents[sdk=iphonesimulator*]" = YES;
				"INFOPLIST_KEY_UILaunchScreen_Generation[sdk=iphoneos*]" = YES;
				"INFOPLIST_KEY_UILaunchScreen_Generation[sdk=iphonesimulator*]" = YES;
				"INFOPLIST_KEY_UIStatusBarStyle[sdk=iphoneos*]" = UIStatusBarStyleDefault;
				"INFOPLIST_KEY_UIStatusBarStyle[sdk=iphonesimulator*]" = UIStatusBarStyleDefault;
				INFOPLIST_KEY_UISupportedInterfaceOrientations_iPad = "UIInterfaceOrientationPortrait UIInterfaceOrientationPortraitUpsideDown UIInterfaceOrientationLandscapeLeft UIInterfaceOrientationLandscapeRight";
				INFOPLIST_KEY_UISupportedInterfaceOrientations_iPhone = "UIInterfaceOrientationPortrait UIInterfaceOrientationLandscapeLeft UIInterfaceOrientationLandscapeRight";
				IPHONEOS_DEPLOYMENT_TARGET = 26.2;
				LD_RUNPATH_SEARCH_PATHS = "@executable_path/Frameworks";
				"LD_RUNPATH_SEARCH_PATHS[sdk=macosx*]" = "@executable_path/../Frameworks";
				MACOSX_DEPLOYMENT_TARGET = 26.2;
				MARKETING_VERSION = 1.0;
				PRODUCT_BUNDLE_IDENTIFIER = in.todolist.MatchMate;
				PRODUCT_NAME = "$(TARGET_NAME)";
				REGISTER_APP_GROUPS = YES;
				SDKROOT = auto;
				STRING_CATALOG_GENERATE_SYMBOLS = YES;
				SUPPORTED_PLATFORMS = "iphoneos iphonesimulator macosx xros xrsimulator";
				SWIFT_APPROACHABLE_CONCURRENCY = YES;
				SWIFT_DEFAULT_ACTOR_ISOLATION = MainActor;
				SWIFT_EMIT_LOC_STRINGS = YES;
				SWIFT_UPCOMING_FEATURE_MEMBER_IMPORT_VISIBILITY = YES;
				SWIFT_VERSION = 5.0;
				TARGETED_DEVICE_FAMILY = "1,2,7";
				XROS_DEPLOYMENT_TARGET = 26.2;
			};
			name = Debug;
		};
		A97B36A92FCF1BED0066D4B2 /* Release */ = {
			isa = XCBuildConfiguration;
			buildSettings = {
				ASSETCATALOG_COMPILER_APPICON_NAME = AppIcon;
				ASSETCATALOG_COMPILER_GLOBAL_ACCENT_COLOR_NAME = AccentColor;
				CODE_SIGN_STYLE = Automatic;
				CURRENT_PROJECT_VERSION = 1;
				DEVELOPMENT_TEAM = 43FNC3F4A2;
				ENABLE_APP_SANDBOX = YES;
				ENABLE_HARDENED_RUNTIME = YES;
				ENABLE_PREVIEWS = YES;
				ENABLE_USER_SELECTED_FILES = readonly;
				GENERATE_INFOPLIST_FILE = YES;
				"INFOPLIST_KEY_UIApplicationSceneManifest_Generation[sdk=iphoneos*]" = YES;
				"INFOPLIST_KEY_UIApplicationSceneManifest_Generation[sdk=iphonesimulator*]" = YES;
				"INFOPLIST_KEY_UIApplicationSupportsIndirectInputEvents[sdk=iphoneos*]" = YES;
				"INFOPLIST_KEY_UIApplicationSupportsIndirectInputEvents[sdk=iphonesimulator*]" = YES;
				"INFOPLIST_KEY_UILaunchScreen_Generation[sdk=iphoneos*]" = YES;
				"INFOPLIST_KEY_UILaunchScreen_Generation[sdk=iphonesimulator*]" = YES;
				"INFOPLIST_KEY_UIStatusBarStyle[sdk=iphoneos*]" = UIStatusBarStyleDefault;
				"INFOPLIST_KEY_UIStatusBarStyle[sdk=iphonesimulator*]" = UIStatusBarStyleDefault;
				INFOPLIST_KEY_UISupportedInterfaceOrientations_iPad = "UIInterfaceOrientationPortrait UIInterfaceOrientationPortraitUpsideDown UIInterfaceOrientationLandscapeLeft UIInterfaceOrientationLandscapeRight";
				INFOPLIST_KEY_UISupportedInterfaceOrientations_iPhone = "UIInterfaceOrientationPortrait UIInterfaceOrientationLandscapeLeft UIInterfaceOrientationLandscapeRight";
				IPHONEOS_DEPLOYMENT_TARGET = 26.2;
				LD_RUNPATH_SEARCH_PATHS = "@executable_path/Frameworks";
				"LD_RUNPATH_SEARCH_PATHS[sdk=macosx*]" = "@executable_path/../Frameworks";
				MACOSX_DEPLOYMENT_TARGET = 26.2;
				MARKETING_VERSION = 1.0;
				PRODUCT_BUNDLE_IDENTIFIER = in.todolist.MatchMate;
				PRODUCT_NAME = "$(TARGET_NAME)";
				REGISTER_APP_GROUPS = YES;
				SDKROOT = auto;
				STRING_CATALOG_GENERATE_SYMBOLS = YES;
				SUPPORTED_PLATFORMS = "iphoneos iphonesimulator macosx xros xrsimulator";
				SWIFT_APPROACHABLE_CONCURRENCY = YES;
				SWIFT_DEFAULT_ACTOR_ISOLATION = MainActor;
				SWIFT_EMIT_LOC_STRINGS = YES;
				SWIFT_UPCOMING_FEATURE_MEMBER_IMPORT_VISIBILITY = YES;
				SWIFT_VERSION = 5.0;
				TARGETED_DEVICE_FAMILY = "1,2,7";
				XROS_DEPLOYMENT_TARGET = 26.2;
			};
			name = Release;
		};
/* End XCBuildConfiguration section */

/* Begin XCConfigurationList section */
		A97B36952FCF1BEB0066D4B2 /* Build configuration list for PBXProject "MatchMate" */ = {
			isa = XCConfigurationList;
			buildConfigurations = (
				A97B36A52FCF1BED0066D4B2 /* Debug */,
				A97B36A62FCF1BED0066D4B2 /* Release */,
			);
			defaultConfigurationIsVisible = 0;
			defaultConfigurationName = Release;
		};
		A97B36A72FCF1BED0066D4B2 /* Build configuration list for PBXNativeTarget "MatchMate" */ = {
			isa = XCConfigurationList;
			buildConfigurations = (
				A97B36A82FCF1BED0066D4B2 /* Debug */,
				A97B36A92FCF1BED0066D4B2 /* Release */,
			);
			defaultConfigurationIsVisible = 0;
			defaultConfigurationName = Release;
		};
/* End XCConfigurationList section */

/* Begin XCRemoteSwiftPackageReference section */
		A97B36D32FCF1F6F0066D4B2 /* XCRemoteSwiftPackageReference "SDWebImageSwiftUI" */ = {
			isa = XCRemoteSwiftPackageReference;
			repositoryURL = "https://github.com/SDWebImage/SDWebImageSwiftUI";
			requirement = {
				kind = upToNextMajorVersion;
				minimumVersion = 3.1.4;
			};
		};
/* End XCRemoteSwiftPackageReference section */

/* Begin XCSwiftPackageProductDependency section */
		A97B36D42FCF1F6F0066D4B2 /* SDWebImageSwiftUI */ = {
			isa = XCSwiftPackageProductDependency;
			package = A97B36D32FCF1F6F0066D4B2 /* XCRemoteSwiftPackageReference "SDWebImageSwiftUI" */;
			productName = SDWebImageSwiftUI;
		};
/* End XCSwiftPackageProductDependency section */
	};
	rootObject = A97B36922FCF1BEB0066D4B2 /* Project object */;
}
